
Microsoft Visual Studio Solution File, Format Version 12.00
# Visual Studio Version 16
VisualStudioVersion = 16.0.32228.343
MinimumVisualStudioVersion = 10.0.40219.1
Project("{9A19103F-16F7-4668-BE54-9A1E7A4F7556}") = "MyProject1", "MySolution1\MyProject1\MyProject1.csproj", "{A97E3014-0F41-4C27-8C50-BDAAF23778DC}"
EndProject
Global
	GlobalSection(SolutionConfigurationPlatforms) = preSolution
		Debug|Any CPU = Debug|Any CPU
		Release|Any CPU = Release|Any CPU
	EndGlobalSection
	GlobalSection(ProjectConfigurationPlatforms) = postSolution
		{A97E3014-0F41-4C27-8C50-BDAAF23778DC}.Debug|Any CPU.ActiveCfg = Debug|Any CPU
		{A97E3014-0F41-4C27-8C50-BDAAF23778DC}.Debug|Any CPU.Build.0 = Debug|Any CPU
		{A97E3014-0F41-4C27-8C50-BDAAF23778DC}.Release|Any CPU.ActiveCfg = Release|Any CPU
		{A97E3014-0F41-4C27-8C50-BDAAF23778DC}.Release|Any CPU.Build.0 = Release|Any CPU
	EndGlobalSection
	GlobalSection(SolutionProperties) = preSolution
		HideSolutionNode = FALSE
	EndGlobalSection
	GlobalSection(ExtensibilityGlobals) = postSolution
		SolutionGuid = {643C1784-5F58-4E6A-B841-3AB9AC552F2E}
	EndGlobalSection
EndGlobal
