
Microsoft Visual Studio Solution File, Format Version 12.00
# Visual Studio Version 16
VisualStudioVersion = 16.0.30114.105
MinimumVisualStudioVersion = 10.0.40219.1
Project("{9A19103F-16F7-4668-BE54-9A1E7A4F7556}") = "SportsStore", "SportsStore\SportsStore.csproj", "{EE39E3C6-62BD-4132-80AD-639D8A5542BC}"
EndProject
Project("{9A19103F-16F7-4668-BE54-9A1E7A4F7556}") = "SportsStore.Tests", "SportsStore.Tests\SportsStore.Tests.csproj", "{BD10582F-54C9-41BB-87E6-630F3DAAB056}"
EndProject
Global
	GlobalSection(SolutionConfigurationPlatforms) = preSolution
		Debug|Any CPU = Debug|Any CPU
		Release|Any CPU = Release|Any CPU
	EndGlobalSection
	GlobalSection(ProjectConfigurationPlatforms) = postSolution
		{EE39E3C6-62BD-4132-80AD-639D8A5542BC}.Debug|Any CPU.ActiveCfg = Debug|Any CPU
		{EE39E3C6-62BD-4132-80AD-639D8A5542BC}.Debug|Any CPU.Build.0 = Debug|Any CPU
		{EE39E3C6-62BD-4132-80AD-639D8A5542BC}.Release|Any CPU.ActiveCfg = Release|Any CPU
		{EE39E3C6-62BD-4132-80AD-639D8A5542BC}.Release|Any CPU.Build.0 = Release|Any CPU
		{BD10582F-54C9-41BB-87E6-630F3DAAB056}.Debug|Any CPU.ActiveCfg = Debug|Any CPU
		{BD10582F-54C9-41BB-87E6-630F3DAAB056}.Debug|Any CPU.Build.0 = Debug|Any CPU
		{BD10582F-54C9-41BB-87E6-630F3DAAB056}.Release|Any CPU.ActiveCfg = Release|Any CPU
		{BD10582F-54C9-41BB-87E6-630F3DAAB056}.Release|Any CPU.Build.0 = Release|Any CPU
	EndGlobalSection
	GlobalSection(SolutionProperties) = preSolution
		HideSolutionNode = FALSE
	EndGlobalSection
	GlobalSection(ExtensibilityGlobals) = postSolution
		SolutionGuid = {8612A118-EC79-40E2-8592-A7FEE7760AA2}
	EndGlobalSection
EndGlobal
